
Microsoft Visual Studio Solution File, Format Version 12.00
# Visual Studio Version 16
VisualStudioVersion = 16.0.31424.327
MinimumVisualStudioVersion = 10.0.40219.1
Project("{2150E333-8FDC-42A3-9474-1A3956D46DE8}") = "Backend", "Backend", "{22564142-4508-4C89-AD7E-CE46FA50B670}"
EndProject
Project("{2150E333-8FDC-42A3-9474-1A3956D46DE8}") = "CsvToSql", "CsvToSql", "{4C666819-616D-4AA8-BF44-31564BA4E6A9}"
EndProject
Project("{2150E333-8FDC-42A3-9474-1A3956D46DE8}") = "Testing", "Testing", "{5936D0B8-8BE2-42EF-9A26-EF963D4DCF33}"
EndProject
Project("{9A19103F-16F7-4668-BE54-9A1E7A4F7556}") = "Tests", "Tests\Tests.csproj", "{01563B85-E2FB-41F6-AA8A-25A060BA756C}"
EndProject
Project("{2150E333-8FDC-42A3-9474-1A3956D46DE8}") = "DAL", "DAL", "{1167EDC7-4559-4D5B-A4C8-2FE09ED76C0C}"
EndProject
Project("{9A19103F-16F7-4668-BE54-9A1E7A4F7556}") = "DAL.CsvToSql", "DAL.CsvToSql\DAL.CsvToSql.csproj", "{DD79D6CF-E324-455B-B0C1-291F46D99E2D}"
EndProject
Project("{9A19103F-16F7-4668-BE54-9A1E7A4F7556}") = "CsvToSql.API", "CsvToSql\CsvToSql.API.csproj", "{7640E373-4EEA-4CB3-80B7-826B3A3EE1AA}"
EndProject
Project("{9A19103F-16F7-4668-BE54-9A1E7A4F7556}") = "Core", "Backend\Core\Core.csproj", "{2B3C7ED4-699A-4A53-9EC3-8D20C2A7ADA0}"
EndProject
Project("{9A19103F-16F7-4668-BE54-9A1E7A4F7556}") = "Repositories", "Backend\Repositories\Repositories.csproj", "{A2A00E1D-01E7-40B5-94FF-1DEFF6C7950B}"
EndProject
Project("{9A19103F-16F7-4668-BE54-9A1E7A4F7556}") = "Services", "Backend\Services\Services.csproj", "{2B12C747-1AA8-47EC-8297-1C654EE2CAEB}"
EndProject
Global
	GlobalSection(SolutionConfigurationPlatforms) = preSolution
		Debug|Any CPU = Debug|Any CPU
		Release|Any CPU = Release|Any CPU
	EndGlobalSection
	GlobalSection(ProjectConfigurationPlatforms) = postSolution
		{01563B85-E2FB-41F6-AA8A-25A060BA756C}.Debug|Any CPU.ActiveCfg = Debug|Any CPU
		{01563B85-E2FB-41F6-AA8A-25A060BA756C}.Debug|Any CPU.Build.0 = Debug|Any CPU
		{01563B85-E2FB-41F6-AA8A-25A060BA756C}.Release|Any CPU.ActiveCfg = Release|Any CPU
		{01563B85-E2FB-41F6-AA8A-25A060BA756C}.Release|Any CPU.Build.0 = Release|Any CPU
		{DD79D6CF-E324-455B-B0C1-291F46D99E2D}.Debug|Any CPU.ActiveCfg = Debug|Any CPU
		{DD79D6CF-E324-455B-B0C1-291F46D99E2D}.Debug|Any CPU.Build.0 = Debug|Any CPU
		{DD79D6CF-E324-455B-B0C1-291F46D99E2D}.Release|Any CPU.ActiveCfg = Release|Any CPU
		{DD79D6CF-E324-455B-B0C1-291F46D99E2D}.Release|Any CPU.Build.0 = Release|Any CPU
		{7640E373-4EEA-4CB3-80B7-826B3A3EE1AA}.Debug|Any CPU.ActiveCfg = Debug|Any CPU
		{7640E373-4EEA-4CB3-80B7-826B3A3EE1AA}.Debug|Any CPU.Build.0 = Debug|Any CPU
		{7640E373-4EEA-4CB3-80B7-826B3A3EE1AA}.Release|Any CPU.ActiveCfg = Release|Any CPU
		{7640E373-4EEA-4CB3-80B7-826B3A3EE1AA}.Release|Any CPU.Build.0 = Release|Any CPU
		{2B3C7ED4-699A-4A53-9EC3-8D20C2A7ADA0}.Debug|Any CPU.ActiveCfg = Debug|Any CPU
		{2B3C7ED4-699A-4A53-9EC3-8D20C2A7ADA0}.Debug|Any CPU.Build.0 = Debug|Any CPU
		{2B3C7ED4-699A-4A53-9EC3-8D20C2A7ADA0}.Release|Any CPU.ActiveCfg = Release|Any CPU
		{2B3C7ED4-699A-4A53-9EC3-8D20C2A7ADA0}.Release|Any CPU.Build.0 = Release|Any CPU
		{A2A00E1D-01E7-40B5-94FF-1DEFF6C7950B}.Debug|Any CPU.ActiveCfg = Debug|Any CPU
		{A2A00E1D-01E7-40B5-94FF-1DEFF6C7950B}.Debug|Any CPU.Build.0 = Debug|Any CPU
		{A2A00E1D-01E7-40B5-94FF-1DEFF6C7950B}.Release|Any CPU.ActiveCfg = Release|Any CPU
		{A2A00E1D-01E7-40B5-94FF-1DEFF6C7950B}.Release|Any CPU.Build.0 = Release|Any CPU
		{2B12C747-1AA8-47EC-8297-1C654EE2CAEB}.Debug|Any CPU.ActiveCfg = Debug|Any CPU
		{2B12C747-1AA8-47EC-8297-1C654EE2CAEB}.Debug|Any CPU.Build.0 = Debug|Any CPU
		{2B12C747-1AA8-47EC-8297-1C654EE2CAEB}.Release|Any CPU.ActiveCfg = Release|Any CPU
		{2B12C747-1AA8-47EC-8297-1C654EE2CAEB}.Release|Any CPU.Build.0 = Release|Any CPU
	EndGlobalSection
	GlobalSection(SolutionProperties) = preSolution
		HideSolutionNode = FALSE
	EndGlobalSection
	GlobalSection(NestedProjects) = preSolution
		{01563B85-E2FB-41F6-AA8A-25A060BA756C} = {5936D0B8-8BE2-42EF-9A26-EF963D4DCF33}
		{DD79D6CF-E324-455B-B0C1-291F46D99E2D} = {1167EDC7-4559-4D5B-A4C8-2FE09ED76C0C}
		{7640E373-4EEA-4CB3-80B7-826B3A3EE1AA} = {4C666819-616D-4AA8-BF44-31564BA4E6A9}
		{2B3C7ED4-699A-4A53-9EC3-8D20C2A7ADA0} = {22564142-4508-4C89-AD7E-CE46FA50B670}
		{A2A00E1D-01E7-40B5-94FF-1DEFF6C7950B} = {22564142-4508-4C89-AD7E-CE46FA50B670}
		{2B12C747-1AA8-47EC-8297-1C654EE2CAEB} = {22564142-4508-4C89-AD7E-CE46FA50B670}
	EndGlobalSection
	GlobalSection(ExtensibilityGlobals) = postSolution
		SolutionGuid = {7E5E4E28-F0C0-452C-87E0-842392EE3C6C}
	EndGlobalSection
EndGlobal
